
Microsoft Visual Studio Solution File, Format Version 12.00
Project("{FAE04EC0-301F-11D3-BF4B-00C04F79EFBC}") = "AzureFuncs", "AzureFuncs\AzureFuncs.csproj", "{66196651-3476-4C92-9ACC-B20B6C028852}"
EndProject
Global
	GlobalSection(SolutionConfigurationPlatforms) = preSolution
		Debug|Any CPU = Debug|Any CPU
		Release|Any CPU = Release|Any CPU
	EndGlobalSection
	GlobalSection(ProjectConfigurationPlatforms) = postSolution
		{66196651-3476-4C92-9ACC-B20B6C028852}.Debug|Any CPU.ActiveCfg = Debug|Any CPU
		{66196651-3476-4C92-9ACC-B20B6C028852}.Debug|Any CPU.Build.0 = Debug|Any CPU
		{66196651-3476-4C92-9ACC-B20B6C028852}.Release|Any CPU.ActiveCfg = Release|Any CPU
		{66196651-3476-4C92-9ACC-B20B6C028852}.Release|Any CPU.Build.0 = Release|Any CPU
	EndGlobalSection
EndGlobal
